
Microsoft Visual Studio Solution File, Format Version 12.00
# Visual Studio Version 17
VisualStudioVersion = 17.0.31903.59
MinimumVisualStudioVersion = 10.0.40219.1
Project("{FAE04EC0-301F-11D3-BF4B-00C04F79EFBC}") = "UnitTest", "UnitTest\UnitTest.csproj", "{EB0BA907-BE2F-4419-A777-FE491CD3AB93}"
EndProject
Project("{FAE04EC0-301F-11D3-BF4B-00C04F79EFBC}") = "shoppingApi", "shoppingApi\shoppingApi.csproj", "{0CC39342-CF25-4561-BEB6-2F37920F9BF6}"
EndProject
Project("{FAE04EC0-301F-11D3-BF4B-00C04F79EFBC}") = "shoppingLibrary", "shoppingLibrary\shoppingLibrary.csproj", "{16E44347-6A22-4871-8F39-1B9A6240FF63}"
EndProject
Global
	GlobalSection(SolutionConfigurationPlatforms) = preSolution
		Debug|Any CPU = Debug|Any CPU
		Release|Any CPU = Release|Any CPU
	EndGlobalSection
	GlobalSection(SolutionProperties) = preSolution
		HideSolutionNode = FALSE
	EndGlobalSection
	GlobalSection(ProjectConfigurationPlatforms) = postSolution
		{EB0BA907-BE2F-4419-A777-FE491CD3AB93}.Debug|Any CPU.ActiveCfg = Debug|Any CPU
		{EB0BA907-BE2F-4419-A777-FE491CD3AB93}.Debug|Any CPU.Build.0 = Debug|Any CPU
		{EB0BA907-BE2F-4419-A777-FE491CD3AB93}.Release|Any CPU.ActiveCfg = Release|Any CPU
		{EB0BA907-BE2F-4419-A777-FE491CD3AB93}.Release|Any CPU.Build.0 = Release|Any CPU
		{0CC39342-CF25-4561-BEB6-2F37920F9BF6}.Debug|Any CPU.ActiveCfg = Debug|Any CPU
		{0CC39342-CF25-4561-BEB6-2F37920F9BF6}.Debug|Any CPU.Build.0 = Debug|Any CPU
		{0CC39342-CF25-4561-BEB6-2F37920F9BF6}.Release|Any CPU.ActiveCfg = Release|Any CPU
		{0CC39342-CF25-4561-BEB6-2F37920F9BF6}.Release|Any CPU.Build.0 = Release|Any CPU
		{16E44347-6A22-4871-8F39-1B9A6240FF63}.Debug|Any CPU.ActiveCfg = Debug|Any CPU
		{16E44347-6A22-4871-8F39-1B9A6240FF63}.Debug|Any CPU.Build.0 = Debug|Any CPU
		{16E44347-6A22-4871-8F39-1B9A6240FF63}.Release|Any CPU.ActiveCfg = Release|Any CPU
		{16E44347-6A22-4871-8F39-1B9A6240FF63}.Release|Any CPU.Build.0 = Release|Any CPU
	EndGlobalSection
EndGlobal
